// !$*UTF8*$!
{
	archiveVersion = 1;
	classes = {
	};
	objectVersion = 55;
	objects = {

/* Begin PBXBuildFile section */
		F67921DA286CAECF003B07E6 /* AppDelegate.swift in Sources */ = {isa = PBXBuildFile; fileRef = F67921D9286CAECF003B07E6 /* AppDelegate.swift */; };
		F67921DC286CAECF003B07E6 /* SceneDelegate.swift in Sources */ = {isa = PBXBuildFile; fileRef = F67921DB286CAECF003B07E6 /* SceneDelegate.swift */; };
		F67921DE286CAECF003B07E6 /* ViewController.swift in Sources */ = {isa = PBXBuildFile; fileRef = F67921DD286CAECF003B07E6 /* ViewController.swift */; };
		F67921E1286CAECF003B07E6 /* Main.storyboard in Resources */ = {isa = PBXBuildFile; fileRef = F67921DF286CAECF003B07E6 /* Main.storyboard */; };
		F67921E3286CAED4003B07E6 /* Assets.xcassets in Resources */ = {isa = PBXBuildFile; fileRef = F67921E2286CAED4003B07E6 /* Assets.xcassets */; };
		F67921E6286CAED4003B07E6 /* LaunchScreen.storyboard in Resources */ = {isa = PBXBuildFile; fileRef = F67921E4286CAED4003B07E6 /* LaunchScreen.storyboard */; };
		F6792219286CC08E003B07E6 /* BMYEONSUNG_otf.otf in Resources */ = {isa = PBXBuildFile; fileRef = F679220F286CC08D003B07E6 /* BMYEONSUNG_otf.otf */; };
		F679221A286CC08E003B07E6 /* BMEuljirooraeoraeOTF.otf in Resources */ = {isa = PBXBuildFile; fileRef = F6792210286CC08D003B07E6 /* BMEuljirooraeoraeOTF.otf */; };
		F679221B286CC08E003B07E6 /* BMJUA_otf.otf in Resources */ = {isa = PBXBuildFile; fileRef = F6792211286CC08D003B07E6 /* BMJUA_otf.otf */; };
		F679221C286CC08E003B07E6 /* BMHANNAAir_otf.otf in Resources */ = {isa = PBXBuildFile; fileRef = F6792212286CC08D003B07E6 /* BMHANNAAir_otf.otf */; };
		F679221D286CC08E003B07E6 /* BMHANNAProOTF.otf in Resources */ = {isa = PBXBuildFile; fileRef = F6792213286CC08D003B07E6 /* BMHANNAProOTF.otf */; };
		F679221E286CC08E003B07E6 /* BMEuljiro10yearslaterOTF.otf in Resources */ = {isa = PBXBuildFile; fileRef = F6792214286CC08D003B07E6 /* BMEuljiro10yearslaterOTF.otf */; };
		F679221F286CC08E003B07E6 /* BMKIRANGHAERANG-OTF.otf in Resources */ = {isa = PBXBuildFile; fileRef = F6792215286CC08D003B07E6 /* BMKIRANGHAERANG-OTF.otf */; };
		F6792220286CC08E003B07E6 /* BMDOHYEON_otf.otf in Resources */ = {isa = PBXBuildFile; fileRef = F6792216286CC08D003B07E6 /* BMDOHYEON_otf.otf */; };
		F6792221286CC08E003B07E6 /* BMEULJIRO.otf in Resources */ = {isa = PBXBuildFile; fileRef = F6792217286CC08D003B07E6 /* BMEULJIRO.otf */; };
		F6792222286CC08E003B07E6 /* BMHANNA_11yrs_otf.otf in Resources */ = {isa = PBXBuildFile; fileRef = F6792218286CC08E003B07E6 /* BMHANNA_11yrs_otf.otf */; };
/* End PBXBuildFile section */

/* Begin PBXFileReference section */
		F67921D6286CAECF003B07E6 /* BaeMinTest.app */ = {isa = PBXFileReference; explicitFileType = wrapper.application; includeInIndex = 0; path = BaeMinTest.app; sourceTree = BUILT_PRODUCTS_DIR; };
		F67921D9286CAECF003B07E6 /* AppDelegate.swift */ = {isa = PBXFileReference; lastKnownFileType = sourcecode.swift; path = AppDelegate.swift; sourceTree = "<group>"; };
		F67921DB286CAECF003B07E6 /* SceneDelegate.swift */ = {isa = PBXFileReference; lastKnownFileType = sourcecode.swift; path = SceneDelegate.swift; sourceTree = "<group>"; };
		F67921DD286CAECF003B07E6 /* ViewController.swift */ = {isa = PBXFileReference; lastKnownFileType = sourcecode.swift; path = ViewController.swift; sourceTree = "<group>"; };
		F67921E0286CAECF003B07E6 /* Base */ = {isa = PBXFileReference; lastKnownFileType = file.storyboard; name = Base; path = Base.lproj/Main.storyboard; sourceTree = "<group>"; };
		F67921E2286CAED4003B07E6 /* Assets.xcassets */ = {isa = PBXFileReference; lastKnownFileType = folder.assetcatalog; path = Assets.xcassets; sourceTree = "<group>"; };
		F67921E5286CAED4003B07E6 /* Base */ = {isa = PBXFileReference; lastKnownFileType = file.storyboard; name = Base; path = Base.lproj/LaunchScreen.storyboard; sourceTree = "<group>"; };
		F67921E7286CAED4003B07E6 /* Info.plist */ = {isa = PBXFileReference; lastKnownFileType = text.plist.xml; path = Info.plist; sourceTree = "<group>"; };
		F679220F286CC08D003B07E6 /* BMYEONSUNG_otf.otf */ = {isa = PBXFileReference; lastKnownFileType = file; name = BMYEONSUNG_otf.otf; path = ../../../../Downloads/fonts/otf/BMYEONSUNG_otf.otf; sourceTree = "<group>"; };
		F6792210286CC08D003B07E6 /* BMEuljirooraeoraeOTF.otf */ = {isa = PBXFileReference; lastKnownFileType = file; name = BMEuljirooraeoraeOTF.otf; path = ../../../../Downloads/fonts/otf/BMEuljirooraeoraeOTF.otf; sourceTree = "<group>"; };
		F6792211286CC08D003B07E6 /* BMJUA_otf.otf */ = {isa = PBXFileReference; lastKnownFileType = file; name = BMJUA_otf.otf; path = ../../../../Downloads/fonts/otf/BMJUA_otf.otf; sourceTree = "<group>"; };
		F6792212286CC08D003B07E6 /* BMHANNAAir_otf.otf */ = {isa = PBXFileReference; lastKnownFileType = file; name = BMHANNAAir_otf.otf; path = ../../../../Downloads/fonts/otf/BMHANNAAir_otf.otf; sourceTree = "<group>"; };
		F6792213286CC08D003B07E6 /* BMHANNAProOTF.otf */ = {isa = PBXFileReference; lastKnownFileType = file; name = BMHANNAProOTF.otf; path = ../../../../Downloads/fonts/otf/BMHANNAProOTF.otf; sourceTree = "<group>"; };
		F6792214286CC08D003B07E6 /* BMEuljiro10yearslaterOTF.otf */ = {isa = PBXFileReference; lastKnownFileType = file; name = BMEuljiro10yearslaterOTF.otf; path = ../../../../Downloads/fonts/otf/BMEuljiro10yearslaterOTF.otf; sourceTree = "<group>"; };
		F6792215286CC08D003B07E6 /* BMKIRANGHAERANG-OTF.otf */ = {isa = PBXFileReference; lastKnownFileType = file; name = "BMKIRANGHAERANG-OTF.otf"; path = "../../../../Downloads/fonts/otf/BMKIRANGHAERANG-OTF.otf"; sourceTree = "<group>"; };
		F6792216286CC08D003B07E6 /* BMDOHYEON_otf.otf */ = {isa = PBXFileReference; lastKnownFileType = file; name = BMDOHYEON_otf.otf; path = ../../../../Downloads/fonts/otf/BMDOHYEON_otf.otf; sourceTree = "<group>"; };
		F6792217286CC08D003B07E6 /* BMEULJIRO.otf */ = {isa = PBXFileReference; lastKnownFileType = file; name = BMEULJIRO.otf; path = ../../../../Downloads/fonts/otf/BMEULJIRO.otf; sourceTree = "<group>"; };
		F6792218286CC08E003B07E6 /* BMHANNA_11yrs_otf.otf */ = {isa = PBXFileReference; lastKnownFileType = file; name = BMHANNA_11yrs_otf.otf; path = ../../../../Downloads/fonts/otf/BMHANNA_11yrs_otf.otf; sourceTree = "<group>"; };
/* End PBXFileReference section */

/* Begin PBXFrameworksBuildPhase section */
		F67921D3286CAECF003B07E6 /* Frameworks */ = {
			isa = PBXFrameworksBuildPhase;
			buildActionMask = 2147483647;
			files = (
			);
			runOnlyForDeploymentPostprocessing = 0;
		};
/* End PBXFrameworksBuildPhase section */

/* Begin PBXGroup section */
		F67921CD286CAECF003B07E6 = {
			isa = PBXGroup;
			children = (
				F67921D8286CAECF003B07E6 /* BaeMinTest */,
				F67921D7286CAECF003B07E6 /* Products */,
			);
			sourceTree = "<group>";
		};
		F67921D7286CAECF003B07E6 /* Products */ = {
			isa = PBXGroup;
			children = (
				F67921D6286CAECF003B07E6 /* BaeMinTest.app */,
			);
			name = Products;
			sourceTree = "<group>";
		};
		F67921D8286CAECF003B07E6 /* BaeMinTest */ = {
			isa = PBXGroup;
			children = (
				F67921D9286CAECF003B07E6 /* AppDelegate.swift */,
				F67921DB286CAECF003B07E6 /* SceneDelegate.swift */,
				F67921DD286CAECF003B07E6 /* ViewController.swift */,
				F67921DF286CAECF003B07E6 /* Main.storyboard */,
				F67921E2286CAED4003B07E6 /* Assets.xcassets */,
				F67921E4286CAED4003B07E6 /* LaunchScreen.storyboard */,
				F67921E7286CAED4003B07E6 /* Info.plist */,
				F6792203286CBFE5003B07E6 /* Font */,
			);
			path = BaeMinTest;
			sourceTree = "<group>";
		};
		F6792203286CBFE5003B07E6 /* Font */ = {
			isa = PBXGroup;
			children = (
				F6792216286CC08D003B07E6 /* BMDOHYEON_otf.otf */,
				F6792217286CC08D003B07E6 /* BMEULJIRO.otf */,
				F6792214286CC08D003B07E6 /* BMEuljiro10yearslaterOTF.otf */,
				F6792210286CC08D003B07E6 /* BMEuljirooraeoraeOTF.otf */,
				F6792218286CC08E003B07E6 /* BMHANNA_11yrs_otf.otf */,
				F6792212286CC08D003B07E6 /* BMHANNAAir_otf.otf */,
				F6792213286CC08D003B07E6 /* BMHANNAProOTF.otf */,
				F6792211286CC08D003B07E6 /* BMJUA_otf.otf */,
				F6792215286CC08D003B07E6 /* BMKIRANGHAERANG-OTF.otf */,
				F679220F286CC08D003B07E6 /* BMYEONSUNG_otf.otf */,
			);
			path = Font;
			sourceTree = "<group>";
		};
/* End PBXGroup section */

/* Begin PBXNativeTarget section */
		F67921D5286CAECF003B07E6 /* BaeMinTest */ = {
			isa = PBXNativeTarget;
			buildConfigurationList = F67921EA286CAED4003B07E6 /* Build configuration list for PBXNativeTarget "BaeMinTest" */;
			buildPhases = (
				F67921D2286CAECF003B07E6 /* Sources */,
				F67921D3286CAECF003B07E6 /* Frameworks */,
				F67921D4286CAECF003B07E6 /* Resources */,
			);
			buildRules = (
			);
			dependencies = (
			);
			name = BaeMinTest;
			productName = baminTest;
			productReference = F67921D6286CAECF003B07E6 /* BaeMinTest.app */;
			productType = "com.apple.product-type.application";
		};
/* End PBXNativeTarget section */

/* Begin PBXProject section */
		F67921CE286CAECF003B07E6 /* Project object */ = {
			isa = PBXProject;
			attributes = {
				BuildIndependentTargetsInParallel = 1;
				LastSwiftUpdateCheck = 1340;
				LastUpgradeCheck = 1340;
				TargetAttributes = {
					F67921D5286CAECF003B07E6 = {
						CreatedOnToolsVersion = 13.4;
					};
				};
			};
			buildConfigurationList = F67921D1286CAECF003B07E6 /* Build configuration list for PBXProject "BaeMinTest" */;
			compatibilityVersion = "Xcode 13.0";
			developmentRegion = en;
			hasScannedForEncodings = 0;
			knownRegions = (
				en,
				Base,
			);
			mainGroup = F67921CD286CAECF003B07E6;
			productRefGroup = F67921D7286CAECF003B07E6 /* Products */;
			projectDirPath = "";
			projectRoot = "";
			targets = (
				F67921D5286CAECF003B07E6 /* BaeMinTest */,
			);
		};
/* End PBXProject section */

/* Begin PBXResourcesBuildPhase section */
		F67921D4286CAECF003B07E6 /* Resources */ = {
			isa = PBXResourcesBuildPhase;
			buildActionMask = 2147483647;
			files = (
				F6792219286CC08E003B07E6 /* BMYEONSUNG_otf.otf in Resources */,
				F6792221286CC08E003B07E6 /* BMEULJIRO.otf in Resources */,
				F679221B286CC08E003B07E6 /* BMJUA_otf.otf in Resources */,
				F679221A286CC08E003B07E6 /* BMEuljirooraeoraeOTF.otf in Resources */,
				F67921E6286CAED4003B07E6 /* LaunchScreen.storyboard in Resources */,
				F6792220286CC08E003B07E6 /* BMDOHYEON_otf.otf in Resources */,
				F67921E3286CAED4003B07E6 /* Assets.xcassets in Resources */,
				F679221E286CC08E003B07E6 /* BMEuljiro10yearslaterOTF.otf in Resources */,
				F67921E1286CAECF003B07E6 /* Main.storyboard in Resources */,
				F679221C286CC08E003B07E6 /* BMHANNAAir_otf.otf in Resources */,
				F679221D286CC08E003B07E6 /* BMHANNAProOTF.otf in Resources */,
				F6792222286CC08E003B07E6 /* BMHANNA_11yrs_otf.otf in Resources */,
				F679221F286CC08E003B07E6 /* BMKIRANGHAERANG-OTF.otf in Resources */,
			);
			runOnlyForDeploymentPostprocessing = 0;
		};
/* End PBXResourcesBuildPhase section */

/* Begin PBXSourcesBuildPhase section */
		F67921D2286CAECF003B07E6 /* Sources */ = {
			isa = PBXSourcesBuildPhase;
			buildActionMask = 2147483647;
			files = (
				F67921DE286CAECF003B07E6 /* ViewController.swift in Sources */,
				F67921DA286CAECF003B07E6 /* AppDelegate.swift in Sources */,
				F67921DC286CAECF003B07E6 /* SceneDelegate.swift in Sources */,
			);
			runOnlyForDeploymentPostprocessing = 0;
		};
/* End PBXSourcesBuildPhase section */

/* Begin PBXVariantGroup section */
		F67921DF286CAECF003B07E6 /* Main.storyboard */ = {
			isa = PBXVariantGroup;
			children = (
				F67921E0286CAECF003B07E6 /* Base */,
			);
			name = Main.storyboard;
			sourceTree = "<group>";
		};
		F67921E4286CAED4003B07E6 /* LaunchScreen.storyboard */ = {
			isa = PBXVariantGroup;
			children = (
				F67921E5286CAED4003B07E6 /* Base */,
			);
			name = LaunchScreen.storyboard;
			sourceTree = "<group>";
		};
/* End PBXVariantGroup section */

/* Begin XCBuildConfiguration section */
		F67921E8286CAED4003B07E6 /* Debug */ = {
			isa = XCBuildConfiguration;
			buildSettings = {
				ALWAYS_SEARCH_USER_PATHS = NO;
				CLANG_ANALYZER_NONNULL = YES;
				CLANG_ANALYZER_NUMBER_OBJECT_CONVERSION = YES_AGGRESSIVE;
				CLANG_CXX_LANGUAGE_STANDARD = "gnu++17";
				CLANG_ENABLE_MODULES = YES;
				CLANG_ENABLE_OBJC_ARC = YES;
				CLANG_ENABLE_OBJC_WEAK = YES;
				CLANG_WARN_BLOCK_CAPTURE_AUTORELEASING = YES;
				CLANG_WARN_BOOL_CONVERSION = YES;
				CLANG_WARN_COMMA = YES;
				CLANG_WARN_CONSTANT_CONVERSION = YES;
				CLANG_WARN_DEPRECATED_OBJC_IMPLEMENTATIONS = YES;
				CLANG_WARN_DIRECT_OBJC_ISA_USAGE = YES_ERROR;
				CLANG_WARN_DOCUMENTATION_COMMENTS = YES;
				CLANG_WARN_EMPTY_BODY = YES;
				CLANG_WARN_ENUM_CONVERSION = YES;
				CLANG_WARN_INFINITE_RECURSION = YES;
				CLANG_WARN_INT_CONVERSION = YES;
				CLANG_WARN_NON_LITERAL_NULL_CONVERSION = YES;
				CLANG_WARN_OBJC_IMPLICIT_RETAIN_SELF = YES;
				CLANG_WARN_OBJC_LITERAL_CONVERSION = YES;
				CLANG_WARN_OBJC_ROOT_CLASS = YES_ERROR;
				CLANG_WARN_QUOTED_INCLUDE_IN_FRAMEWORK_HEADER = YES;
				CLANG_WARN_RANGE_LOOP_ANALYSIS = YES;
				CLANG_WARN_STRICT_PROTOTYPES = YES;
				CLANG_WARN_SUSPICIOUS_MOVE = YES;
				CLANG_WARN_UNGUARDED_AVAILABILITY = YES_AGGRESSIVE;
				CLANG_WARN_UNREACHABLE_CODE = YES;
				CLANG_WARN__DUPLICATE_METHOD_MATCH = YES;
				COPY_PHASE_STRIP = NO;
				DEBUG_INFORMATION_FORMAT = dwarf;
				ENABLE_STRICT_OBJC_MSGSEND = YES;
				ENABLE_TESTABILITY = YES;
				GCC_C_LANGUAGE_STANDARD = gnu11;
				GCC_DYNAMIC_NO_PIC = NO;
				GCC_NO_COMMON_BLOCKS = YES;
				GCC_OPTIMIZATION_LEVEL = 0;
				GCC_PREPROCESSOR_DEFINITIONS = (
					"DEBUG=1",
					"$(inherited)",
				);
				GCC_WARN_64_TO_32_BIT_CONVERSION = YES;
				GCC_WARN_ABOUT_RETURN_TYPE = YES_ERROR;
				GCC_WARN_UNDECLARED_SELECTOR = YES;
				GCC_WARN_UNINITIALIZED_AUTOS = YES_AGGRESSIVE;
				GCC_WARN_UNUSED_FUNCTION = YES;
				GCC_WARN_UNUSED_VARIABLE = YES;
				IPHONEOS_DEPLOYMENT_TARGET = 15.5;
				MTL_ENABLE_DEBUG_INFO = INCLUDE_SOURCE;
				MTL_FAST_MATH = YES;
				ONLY_ACTIVE_ARCH = YES;
				SDKROOT = iphoneos;
				SWIFT_ACTIVE_COMPILATION_CONDITIONS = DEBUG;
				SWIFT_OPTIMIZATION_LEVEL = "-Onone";
			};
			name = Debug;
		};
		F67921E9286CAED4003B07E6 /* Release */ = {
			isa = XCBuildConfiguration;
			buildSettings = {
				ALWAYS_SEARCH_USER_PATHS = NO;
				CLANG_ANALYZER_NONNULL = YES;
				CLANG_ANALYZER_NUMBER_OBJECT_CONVERSION = YES_AGGRESSIVE;
				CLANG_CXX_LANGUAGE_STANDARD = "gnu++17";
				CLANG_ENABLE_MODULES = YES;
				CLANG_ENABLE_OBJC_ARC = YES;
				CLANG_ENABLE_OBJC_WEAK = YES;
				CLANG_WARN_BLOCK_CAPTURE_AUTORELEASING = YES;
				CLANG_WARN_BOOL_CONVERSION = YES;
				CLANG_WARN_COMMA = YES;
				CLANG_WARN_CONSTANT_CONVERSION = YES;
				CLANG_WARN_DEPRECATED_OBJC_IMPLEMENTATIONS = YES;
				CLANG_WARN_DIRECT_OBJC_ISA_USAGE = YES_ERROR;
				CLANG_WARN_DOCUMENTATION_COMMENTS = YES;
				CLANG_WARN_EMPTY_BODY = YES;
				CLANG_WARN_ENUM_CONVERSION = YES;
				CLANG_WARN_INFINITE_RECURSION = YES;
				CLANG_WARN_INT_CONVERSION = YES;
				CLANG_WARN_NON_LITERAL_NULL_CONVERSION = YES;
				CLANG_WARN_OBJC_IMPLICIT_RETAIN_SELF = YES;
				CLANG_WARN_OBJC_LITERAL_CONVERSION = YES;
				CLANG_WARN_OBJC_ROOT_CLASS = YES_ERROR;
				CLANG_WARN_QUOTED_INCLUDE_IN_FRAMEWORK_HEADER = YES;
				CLANG_WARN_RANGE_LOOP_ANALYSIS = YES;
				CLANG_WARN_STRICT_PROTOTYPES = YES;
				CLANG_WARN_SUSPICIOUS_MOVE = YES;
				CLANG_WARN_UNGUARDED_AVAILABILITY = YES_AGGRESSIVE;
				CLANG_WARN_UNREACHABLE_CODE = YES;
				CLANG_WARN__DUPLICATE_METHOD_MATCH = YES;
				COPY_PHASE_STRIP = NO;
				DEBUG_INFORMATION_FORMAT = "dwarf-with-dsym";
				ENABLE_NS_ASSERTIONS = NO;
				ENABLE_STRICT_OBJC_MSGSEND = YES;
				GCC_C_LANGUAGE_STANDARD = gnu11;
				GCC_NO_COMMON_BLOCKS = YES;
				GCC_WARN_64_TO_32_BIT_CONVERSION = YES;
				GCC_WARN_ABOUT_RETURN_TYPE = YES_ERROR;
				GCC_WARN_UNDECLARED_SELECTOR = YES;
				GCC_WARN_UNINITIALIZED_AUTOS = YES_AGGRESSIVE;
				GCC_WARN_UNUSED_FUNCTION = YES;
				GCC_WARN_UNUSED_VARIABLE = YES;
				IPHONEOS_DEPLOYMENT_TARGET = 15.5;
				MTL_ENABLE_DEBUG_INFO = NO;
				MTL_FAST_MATH = YES;
				SDKROOT = iphoneos;
				SWIFT_COMPILATION_MODE = wholemodule;
				SWIFT_OPTIMIZATION_LEVEL = "-O";
				VALIDATE_PRODUCT = YES;
			};
			name = Release;
		};
		F67921EB286CAED4003B07E6 /* Debug */ = {
			isa = XCBuildConfiguration;
			buildSettings = {
				ASSETCATALOG_COMPILER_APPICON_NAME = AppIcon;
				ASSETCATALOG_COMPILER_GLOBAL_ACCENT_COLOR_NAME = AccentColor;
				CODE_SIGN_STYLE = Automatic;
				CURRENT_PROJECT_VERSION = 1;
				GENERATE_INFOPLIST_FILE = YES;
				INFOPLIST_FILE = BaeMinTest/Info.plist;
				INFOPLIST_KEY_UIApplicationSupportsIndirectInputEvents = YES;
				INFOPLIST_KEY_UILaunchStoryboardName = LaunchScreen;
				INFOPLIST_KEY_UIMainStoryboardFile = Main;
				INFOPLIST_KEY_UISupportedInterfaceOrientations = UIInterfaceOrientationPortrait;
				INFOPLIST_KEY_UISupportedInterfaceOrientations_iPad = "UIInterfaceOrientationPortrait UIInterfaceOrientationPortraitUpsideDown UIInterfaceOrientationLandscapeLeft UIInterfaceOrientationLandscapeRight";
				INFOPLIST_KEY_UISupportedInterfaceOrientations_iPhone = "UIInterfaceOrientationPortrait UIInterfaceOrientationLandscapeLeft UIInterfaceOrientationLandscapeRight";
				LD_RUNPATH_SEARCH_PATHS = (
					"$(inherited)",
					"@executable_path/Frameworks",
				);
				MARKETING_VERSION = 1.0;
				PRODUCT_BUNDLE_IDENTIFIER = com.hanle.BaeMinTest;
				PRODUCT_NAME = "$(TARGET_NAME)";
				SWIFT_EMIT_LOC_STRINGS = YES;
				SWIFT_VERSION = 5.0;
				TARGETED_DEVICE_FAMILY = "1,2";
			};
			name = Debug;
		};
		F67921EC286CAED4003B07E6 /* Release */ = {
			isa = XCBuildConfiguration;
			buildSettings = {
				ASSETCATALOG_COMPILER_APPICON_NAME = AppIcon;
				ASSETCATALOG_COMPILER_GLOBAL_ACCENT_COLOR_NAME = AccentColor;
				CODE_SIGN_STYLE = Automatic;
				CURRENT_PROJECT_VERSION = 1;
				GENERATE_INFOPLIST_FILE = YES;
				INFOPLIST_FILE = BaeMinTest/Info.plist;
				INFOPLIST_KEY_UIApplicationSupportsIndirectInputEvents = YES;
				INFOPLIST_KEY_UILaunchStoryboardName = LaunchScreen;
				INFOPLIST_KEY_UIMainStoryboardFile = Main;
				INFOPLIST_KEY_UISupportedInterfaceOrientations = UIInterfaceOrientationPortrait;
				INFOPLIST_KEY_UISupportedInterfaceOrientations_iPad = "UIInterfaceOrientationPortrait UIInterfaceOrientationPortraitUpsideDown UIInterfaceOrientationLandscapeLeft UIInterfaceOrientationLandscapeRight";
				INFOPLIST_KEY_UISupportedInterfaceOrientations_iPhone = "UIInterfaceOrientationPortrait UIInterfaceOrientationLandscapeLeft UIInterfaceOrientationLandscapeRight";
				LD_RUNPATH_SEARCH_PATHS = (
					"$(inherited)",
					"@executable_path/Frameworks",
				);
				MARKETING_VERSION = 1.0;
				PRODUCT_BUNDLE_IDENTIFIER = com.hanle.BaeMinTest;
				PRODUCT_NAME = "$(TARGET_NAME)";
				SWIFT_EMIT_LOC_STRINGS = YES;
				SWIFT_VERSION = 5.0;
				TARGETED_DEVICE_FAMILY = "1,2";
			};
			name = Release;
		};
/* End XCBuildConfiguration section */

/* Begin XCConfigurationList section */
		F67921D1286CAECF003B07E6 /* Build configuration list for PBXProject "BaeMinTest" */ = {
			isa = XCConfigurationList;
			buildConfigurations = (
				F67921E8286CAED4003B07E6 /* Debug */,
				F67921E9286CAED4003B07E6 /* Release */,
			);
			defaultConfigurationIsVisible = 0;
			defaultConfigurationName = Release;
		};
		F67921EA286CAED4003B07E6 /* Build configuration list for PBXNativeTarget "BaeMinTest" */ = {
			isa = XCConfigurationList;
			buildConfigurations = (
				F67921EB286CAED4003B07E6 /* Debug */,
				F67921EC286CAED4003B07E6 /* Release */,
			);
			defaultConfigurationIsVisible = 0;
			defaultConfigurationName = Release;
		};
/* End XCConfigurationList section */
	};
	rootObject = F67921CE286CAECF003B07E6 /* Project object */;
}
